
Microsoft Visual Studio Solution File, Format Version 12.00
# Visual Studio Version 16
VisualStudioVersion = 16.0.34729.46
MinimumVisualStudioVersion = 10.0.40219.1
Project("{8BC9CEB8-8B4A-11D0-8D11-00A0C91BC942}") = "priority_queue", "priority_queue\priority_queue.vcxproj", "{6CE4120B-11DC-48AB-B5F3-05C2C87680E1}"
EndProject
Global
	GlobalSection(SolutionConfigurationPlatforms) = preSolution
		Debug|x64 = Debug|x64
		Debug|x86 = Debug|x86
		Release|x64 = Release|x64
		Release|x86 = Release|x86
	EndGlobalSection
	GlobalSection(ProjectConfigurationPlatforms) = postSolution
		{6CE4120B-11DC-48AB-B5F3-05C2C87680E1}.Debug|x64.ActiveCfg = Debug|x64
		{6CE4120B-11DC-48AB-B5F3-05C2C87680E1}.Debug|x64.Build.0 = Debug|x64
		{6CE4120B-11DC-48AB-B5F3-05C2C87680E1}.Debug|x86.ActiveCfg = Debug|Win32
		{6CE4120B-11DC-48AB-B5F3-05C2C87680E1}.Debug|x86.Build.0 = Debug|Win32
		{6CE4120B-11DC-48AB-B5F3-05C2C87680E1}.Release|x64.ActiveCfg = Release|x64
		{6CE4120B-11DC-48AB-B5F3-05C2C87680E1}.Release|x64.Build.0 = Release|x64
		{6CE4120B-11DC-48AB-B5F3-05C2C87680E1}.Release|x86.ActiveCfg = Release|Win32
		{6CE4120B-11DC-48AB-B5F3-05C2C87680E1}.Release|x86.Build.0 = Release|Win32
	EndGlobalSection
	GlobalSection(SolutionProperties) = preSolution
		HideSolutionNode = FALSE
	EndGlobalSection
	GlobalSection(ExtensibilityGlobals) = postSolution
		SolutionGuid = {3A9A0E6C-2CE0-4EA6-8743-607C679558D0}
	EndGlobalSection
EndGlobal
